// !$*UTF8*$!
{
	archiveVersion = 1;
	classes = {
	};
	objectVersion = 56;
	objects = {

/* Begin PBXBuildFile section */
		C1825AFD29114B7300F9244D /* AppDelegate.swift in Sources */ = {isa = PBXBuildFile; fileRef = C1825AFC29114B7300F9244D /* AppDelegate.swift */; };
		C1825AFF29114B7300F9244D /* SceneDelegate.swift in Sources */ = {isa = PBXBuildFile; fileRef = C1825AFE29114B7300F9244D /* SceneDelegate.swift */; };
		C1825B0429114B7300F9244D /* Main.storyboard in Resources */ = {isa = PBXBuildFile; fileRef = C1825B0229114B7300F9244D /* Main.storyboard */; };
		C1825B0629114B7A00F9244D /* Assets.xcassets in Resources */ = {isa = PBXBuildFile; fileRef = C1825B0529114B7A00F9244D /* Assets.xcassets */; };
		C1825B0929114B7A00F9244D /* LaunchScreen.storyboard in Resources */ = {isa = PBXBuildFile; fileRef = C1825B0729114B7A00F9244D /* LaunchScreen.storyboard */; };
		C1825B112911598A00F9244D /* CategoryTableViewController.swift in Sources */ = {isa = PBXBuildFile; fileRef = C1825B102911598A00F9244D /* CategoryTableViewController.swift */; };
		C1825B13291159D400F9244D /* MenuTableViewController.swift in Sources */ = {isa = PBXBuildFile; fileRef = C1825B12291159D400F9244D /* MenuTableViewController.swift */; };
		C1825B15291159FD00F9244D /* OrderTableViewController.swift in Sources */ = {isa = PBXBuildFile; fileRef = C1825B14291159FD00F9244D /* OrderTableViewController.swift */; };
		C1825B18291274AF00F9244D /* MenuItemDetailViewController.swift in Sources */ = {isa = PBXBuildFile; fileRef = C1825B17291274AF00F9244D /* MenuItemDetailViewController.swift */; };
		C1825B212913D9EC00F9244D /* MenuItem.swift in Sources */ = {isa = PBXBuildFile; fileRef = C1825B202913D9EC00F9244D /* MenuItem.swift */; };
		C1825B232913E21900F9244D /* ResponseModels.swift in Sources */ = {isa = PBXBuildFile; fileRef = C1825B222913E21900F9244D /* ResponseModels.swift */; };
		C1825B252913E42700F9244D /* Order.swift in Sources */ = {isa = PBXBuildFile; fileRef = C1825B242913E42700F9244D /* Order.swift */; };
		C1825B272913E76300F9244D /* MenuController.swift in Sources */ = {isa = PBXBuildFile; fileRef = C1825B262913E76300F9244D /* MenuController.swift */; };
		C1825B292916B5D900F9244D /* OrderConfirmationViewController.swift in Sources */ = {isa = PBXBuildFile; fileRef = C1825B282916B5D900F9244D /* OrderConfirmationViewController.swift */; };
		C1825B2B2916E4C000F9244D /* MenuItemCell.swift in Sources */ = {isa = PBXBuildFile; fileRef = C1825B2A2916E4C000F9244D /* MenuItemCell.swift */; };
		C1825B2E2916F29700F9244D /* Restoration.swift in Sources */ = {isa = PBXBuildFile; fileRef = C1825B2D2916F29700F9244D /* Restoration.swift */; };
/* End PBXBuildFile section */

/* Begin PBXFileReference section */
		C1825AF929114B7300F9244D /* OrderApp.app */ = {isa = PBXFileReference; explicitFileType = wrapper.application; includeInIndex = 0; path = OrderApp.app; sourceTree = BUILT_PRODUCTS_DIR; };
		C1825AFC29114B7300F9244D /* AppDelegate.swift */ = {isa = PBXFileReference; lastKnownFileType = sourcecode.swift; path = AppDelegate.swift; sourceTree = "<group>"; };
		C1825AFE29114B7300F9244D /* SceneDelegate.swift */ = {isa = PBXFileReference; lastKnownFileType = sourcecode.swift; path = SceneDelegate.swift; sourceTree = "<group>"; };
		C1825B0329114B7300F9244D /* Base */ = {isa = PBXFileReference; lastKnownFileType = file.storyboard; name = Base; path = Base.lproj/Main.storyboard; sourceTree = "<group>"; };
		C1825B0529114B7A00F9244D /* Assets.xcassets */ = {isa = PBXFileReference; lastKnownFileType = folder.assetcatalog; path = Assets.xcassets; sourceTree = "<group>"; };
		C1825B0829114B7A00F9244D /* Base */ = {isa = PBXFileReference; lastKnownFileType = file.storyboard; name = Base; path = Base.lproj/LaunchScreen.storyboard; sourceTree = "<group>"; };
		C1825B0A29114B7B00F9244D /* Info.plist */ = {isa = PBXFileReference; lastKnownFileType = text.plist.xml; path = Info.plist; sourceTree = "<group>"; };
		C1825B102911598A00F9244D /* CategoryTableViewController.swift */ = {isa = PBXFileReference; lastKnownFileType = sourcecode.swift; path = CategoryTableViewController.swift; sourceTree = "<group>"; };
		C1825B12291159D400F9244D /* MenuTableViewController.swift */ = {isa = PBXFileReference; lastKnownFileType = sourcecode.swift; path = MenuTableViewController.swift; sourceTree = "<group>"; };
		C1825B14291159FD00F9244D /* OrderTableViewController.swift */ = {isa = PBXFileReference; lastKnownFileType = sourcecode.swift; path = OrderTableViewController.swift; sourceTree = "<group>"; };
		C1825B17291274AF00F9244D /* MenuItemDetailViewController.swift */ = {isa = PBXFileReference; lastKnownFileType = sourcecode.swift; path = MenuItemDetailViewController.swift; sourceTree = "<group>"; };
		C1825B202913D9EC00F9244D /* MenuItem.swift */ = {isa = PBXFileReference; lastKnownFileType = sourcecode.swift; path = MenuItem.swift; sourceTree = "<group>"; };
		C1825B222913E21900F9244D /* ResponseModels.swift */ = {isa = PBXFileReference; lastKnownFileType = sourcecode.swift; path = ResponseModels.swift; sourceTree = "<group>"; };
		C1825B242913E42700F9244D /* Order.swift */ = {isa = PBXFileReference; lastKnownFileType = sourcecode.swift; path = Order.swift; sourceTree = "<group>"; };
		C1825B262913E76300F9244D /* MenuController.swift */ = {isa = PBXFileReference; lastKnownFileType = sourcecode.swift; path = MenuController.swift; sourceTree = "<group>"; };
		C1825B282916B5D900F9244D /* OrderConfirmationViewController.swift */ = {isa = PBXFileReference; lastKnownFileType = sourcecode.swift; path = OrderConfirmationViewController.swift; sourceTree = "<group>"; };
		C1825B2A2916E4C000F9244D /* MenuItemCell.swift */ = {isa = PBXFileReference; lastKnownFileType = sourcecode.swift; path = MenuItemCell.swift; sourceTree = "<group>"; };
		C1825B2D2916F29700F9244D /* Restoration.swift */ = {isa = PBXFileReference; lastKnownFileType = sourcecode.swift; path = Restoration.swift; sourceTree = "<group>"; };
/* End PBXFileReference section */

/* Begin PBXFrameworksBuildPhase section */
		C1825AF629114B7300F9244D /* Frameworks */ = {
			isa = PBXFrameworksBuildPhase;
			buildActionMask = 2147483647;
			files = (
			);
			runOnlyForDeploymentPostprocessing = 0;
		};
/* End PBXFrameworksBuildPhase section */

/* Begin PBXGroup section */
		C1825AF029114B7300F9244D = {
			isa = PBXGroup;
			children = (
				C1825AFB29114B7300F9244D /* OrderApp */,
				C1825AFA29114B7300F9244D /* Products */,
			);
			sourceTree = "<group>";
		};
		C1825AFA29114B7300F9244D /* Products */ = {
			isa = PBXGroup;
			children = (
				C1825AF929114B7300F9244D /* OrderApp.app */,
			);
			name = Products;
			sourceTree = "<group>";
		};
		C1825AFB29114B7300F9244D /* OrderApp */ = {
			isa = PBXGroup;
			children = (
				C1825B302916F2BF00F9244D /* Extension */,
				C1825B192913D79500F9244D /* Architecture */,
				C1825AFC29114B7300F9244D /* AppDelegate.swift */,
				C1825AFE29114B7300F9244D /* SceneDelegate.swift */,
				C1825B0229114B7300F9244D /* Main.storyboard */,
				C1825B0529114B7A00F9244D /* Assets.xcassets */,
				C1825B0729114B7A00F9244D /* LaunchScreen.storyboard */,
				C1825B0A29114B7B00F9244D /* Info.plist */,
			);
			path = OrderApp;
			sourceTree = "<group>";
		};
		C1825B192913D79500F9244D /* Architecture */ = {
			isa = PBXGroup;
			children = (
				C1825B1D2913D7F400F9244D /* Controllers */,
				C1825B1C2913D7E800F9244D /* Views */,
				C1825B1A2913D7D100F9244D /* Models */,
			);
			path = Architecture;
			sourceTree = "<group>";
		};
		C1825B1A2913D7D100F9244D /* Models */ = {
			isa = PBXGroup;
			children = (
				C1825B202913D9EC00F9244D /* MenuItem.swift */,
				C1825B222913E21900F9244D /* ResponseModels.swift */,
				C1825B242913E42700F9244D /* Order.swift */,
			);
			path = Models;
			sourceTree = "<group>";
		};
		C1825B1C2913D7E800F9244D /* Views */ = {
			isa = PBXGroup;
			children = (
				C1825B2A2916E4C000F9244D /* MenuItemCell.swift */,
			);
			path = Views;
			sourceTree = "<group>";
		};
		C1825B1D2913D7F400F9244D /* Controllers */ = {
			isa = PBXGroup;
			children = (
				C1825B1F2913D82C00F9244D /* TableViewControllers */,
				C1825B1E2913D81500F9244D /* ViewControllers */,
				C1825B262913E76300F9244D /* MenuController.swift */,
			);
			path = Controllers;
			sourceTree = "<group>";
		};
		C1825B1E2913D81500F9244D /* ViewControllers */ = {
			isa = PBXGroup;
			children = (
				C1825B17291274AF00F9244D /* MenuItemDetailViewController.swift */,
				C1825B282916B5D900F9244D /* OrderConfirmationViewController.swift */,
			);
			path = ViewControllers;
			sourceTree = "<group>";
		};
		C1825B1F2913D82C00F9244D /* TableViewControllers */ = {
			isa = PBXGroup;
			children = (
				C1825B102911598A00F9244D /* CategoryTableViewController.swift */,
				C1825B12291159D400F9244D /* MenuTableViewController.swift */,
				C1825B14291159FD00F9244D /* OrderTableViewController.swift */,
			);
			path = TableViewControllers;
			sourceTree = "<group>";
		};
		C1825B302916F2BF00F9244D /* Extension */ = {
			isa = PBXGroup;
			children = (
				C1825B2D2916F29700F9244D /* Restoration.swift */,
			);
			path = Extension;
			sourceTree = "<group>";
		};
/* End PBXGroup section */

/* Begin PBXNativeTarget section */
		C1825AF829114B7300F9244D /* OrderApp */ = {
			isa = PBXNativeTarget;
			buildConfigurationList = C1825B0D29114B7B00F9244D /* Build configuration list for PBXNativeTarget "OrderApp" */;
			buildPhases = (
				C1825AF529114B7300F9244D /* Sources */,
				C1825AF629114B7300F9244D /* Frameworks */,
				C1825AF729114B7300F9244D /* Resources */,
			);
			buildRules = (
			);
			dependencies = (
			);
			name = OrderApp;
			productName = OrderApp;
			productReference = C1825AF929114B7300F9244D /* OrderApp.app */;
			productType = "com.apple.product-type.application";
		};
/* End PBXNativeTarget section */

/* Begin PBXProject section */
		C1825AF129114B7300F9244D /* Project object */ = {
			isa = PBXProject;
			attributes = {
				BuildIndependentTargetsInParallel = 1;
				LastSwiftUpdateCheck = 1400;
				LastUpgradeCheck = 1400;
				TargetAttributes = {
					C1825AF829114B7300F9244D = {
						CreatedOnToolsVersion = 14.0;
					};
				};
			};
			buildConfigurationList = C1825AF429114B7300F9244D /* Build configuration list for PBXProject "OrderApp" */;
			compatibilityVersion = "Xcode 14.0";
			developmentRegion = en;
			hasScannedForEncodings = 0;
			knownRegions = (
				en,
				Base,
			);
			mainGroup = C1825AF029114B7300F9244D;
			productRefGroup = C1825AFA29114B7300F9244D /* Products */;
			projectDirPath = "";
			projectRoot = "";
			targets = (
				C1825AF829114B7300F9244D /* OrderApp */,
			);
		};
/* End PBXProject section */

/* Begin PBXResourcesBuildPhase section */
		C1825AF729114B7300F9244D /* Resources */ = {
			isa = PBXResourcesBuildPhase;
			buildActionMask = 2147483647;
			files = (
				C1825B0929114B7A00F9244D /* LaunchScreen.storyboard in Resources */,
				C1825B0629114B7A00F9244D /* Assets.xcassets in Resources */,
				C1825B0429114B7300F9244D /* Main.storyboard in Resources */,
			);
			runOnlyForDeploymentPostprocessing = 0;
		};
/* End PBXResourcesBuildPhase section */

/* Begin PBXSourcesBuildPhase section */
		C1825AF529114B7300F9244D /* Sources */ = {
			isa = PBXSourcesBuildPhase;
			buildActionMask = 2147483647;
			files = (
				C1825B272913E76300F9244D /* MenuController.swift in Sources */,
				C1825B212913D9EC00F9244D /* MenuItem.swift in Sources */,
				C1825B13291159D400F9244D /* MenuTableViewController.swift in Sources */,
				C1825B232913E21900F9244D /* ResponseModels.swift in Sources */,
				C1825B252913E42700F9244D /* Order.swift in Sources */,
				C1825B18291274AF00F9244D /* MenuItemDetailViewController.swift in Sources */,
				C1825B15291159FD00F9244D /* OrderTableViewController.swift in Sources */,
				C1825AFD29114B7300F9244D /* AppDelegate.swift in Sources */,
				C1825AFF29114B7300F9244D /* SceneDelegate.swift in Sources */,
				C1825B2B2916E4C000F9244D /* MenuItemCell.swift in Sources */,
				C1825B2E2916F29700F9244D /* Restoration.swift in Sources */,
				C1825B292916B5D900F9244D /* OrderConfirmationViewController.swift in Sources */,
				C1825B112911598A00F9244D /* CategoryTableViewController.swift in Sources */,
			);
			runOnlyForDeploymentPostprocessing = 0;
		};
/* End PBXSourcesBuildPhase section */

/* Begin PBXVariantGroup section */
		C1825B0229114B7300F9244D /* Main.storyboard */ = {
			isa = PBXVariantGroup;
			children = (
				C1825B0329114B7300F9244D /* Base */,
			);
			name = Main.storyboard;
			sourceTree = "<group>";
		};
		C1825B0729114B7A00F9244D /* LaunchScreen.storyboard */ = {
			isa = PBXVariantGroup;
			children = (
				C1825B0829114B7A00F9244D /* Base */,
			);
			name = LaunchScreen.storyboard;
			sourceTree = "<group>";
		};
/* End PBXVariantGroup section */

/* Begin XCBuildConfiguration section */
		C1825B0B29114B7B00F9244D /* Debug */ = {
			isa = XCBuildConfiguration;
			buildSettings = {
				ALWAYS_SEARCH_USER_PATHS = NO;
				CLANG_ANALYZER_NONNULL = YES;
				CLANG_ANALYZER_NUMBER_OBJECT_CONVERSION = YES_AGGRESSIVE;
				CLANG_CXX_LANGUAGE_STANDARD = "gnu++20";
				CLANG_ENABLE_MODULES = YES;
				CLANG_ENABLE_OBJC_ARC = YES;
				CLANG_ENABLE_OBJC_WEAK = YES;
				CLANG_WARN_BLOCK_CAPTURE_AUTORELEASING = YES;
				CLANG_WARN_BOOL_CONVERSION = YES;
				CLANG_WARN_COMMA = YES;
				CLANG_WARN_CONSTANT_CONVERSION = YES;
				CLANG_WARN_DEPRECATED_OBJC_IMPLEMENTATIONS = YES;
				CLANG_WARN_DIRECT_OBJC_ISA_USAGE = YES_ERROR;
				CLANG_WARN_DOCUMENTATION_COMMENTS = YES;
				CLANG_WARN_EMPTY_BODY = YES;
				CLANG_WARN_ENUM_CONVERSION = YES;
				CLANG_WARN_INFINITE_RECURSION = YES;
				CLANG_WARN_INT_CONVERSION = YES;
				CLANG_WARN_NON_LITERAL_NULL_CONVERSION = YES;
				CLANG_WARN_OBJC_IMPLICIT_RETAIN_SELF = YES;
				CLANG_WARN_OBJC_LITERAL_CONVERSION = YES;
				CLANG_WARN_OBJC_ROOT_CLASS = YES_ERROR;
				CLANG_WARN_QUOTED_INCLUDE_IN_FRAMEWORK_HEADER = YES;
				CLANG_WARN_RANGE_LOOP_ANALYSIS = YES;
				CLANG_WARN_STRICT_PROTOTYPES = YES;
				CLANG_WARN_SUSPICIOUS_MOVE = YES;
				CLANG_WARN_UNGUARDED_AVAILABILITY = YES_AGGRESSIVE;
				CLANG_WARN_UNREACHABLE_CODE = YES;
				CLANG_WARN__DUPLICATE_METHOD_MATCH = YES;
				COPY_PHASE_STRIP = NO;
				DEBUG_INFORMATION_FORMAT = dwarf;
				ENABLE_STRICT_OBJC_MSGSEND = YES;
				ENABLE_TESTABILITY = YES;
				GCC_C_LANGUAGE_STANDARD = gnu11;
				GCC_DYNAMIC_NO_PIC = NO;
				GCC_NO_COMMON_BLOCKS = YES;
				GCC_OPTIMIZATION_LEVEL = 0;
				GCC_PREPROCESSOR_DEFINITIONS = (
					"DEBUG=1",
					"$(inherited)",
				);
				GCC_WARN_64_TO_32_BIT_CONVERSION = YES;
				GCC_WARN_ABOUT_RETURN_TYPE = YES_ERROR;
				GCC_WARN_UNDECLARED_SELECTOR = YES;
				GCC_WARN_UNINITIALIZED_AUTOS = YES_AGGRESSIVE;
				GCC_WARN_UNUSED_FUNCTION = YES;
				GCC_WARN_UNUSED_VARIABLE = YES;
				IPHONEOS_DEPLOYMENT_TARGET = 16.0;
				MTL_ENABLE_DEBUG_INFO = INCLUDE_SOURCE;
				MTL_FAST_MATH = YES;
				ONLY_ACTIVE_ARCH = YES;
				SDKROOT = iphoneos;
				SWIFT_ACTIVE_COMPILATION_CONDITIONS = DEBUG;
				SWIFT_OPTIMIZATION_LEVEL = "-Onone";
			};
			name = Debug;
		};
		C1825B0C29114B7B00F9244D /* Release */ = {
			isa = XCBuildConfiguration;
			buildSettings = {
				ALWAYS_SEARCH_USER_PATHS = NO;
				CLANG_ANALYZER_NONNULL = YES;
				CLANG_ANALYZER_NUMBER_OBJECT_CONVERSION = YES_AGGRESSIVE;
				CLANG_CXX_LANGUAGE_STANDARD = "gnu++20";
				CLANG_ENABLE_MODULES = YES;
				CLANG_ENABLE_OBJC_ARC = YES;
				CLANG_ENABLE_OBJC_WEAK = YES;
				CLANG_WARN_BLOCK_CAPTURE_AUTORELEASING = YES;
				CLANG_WARN_BOOL_CONVERSION = YES;
				CLANG_WARN_COMMA = YES;
				CLANG_WARN_CONSTANT_CONVERSION = YES;
				CLANG_WARN_DEPRECATED_OBJC_IMPLEMENTATIONS = YES;
				CLANG_WARN_DIRECT_OBJC_ISA_USAGE = YES_ERROR;
				CLANG_WARN_DOCUMENTATION_COMMENTS = YES;
				CLANG_WARN_EMPTY_BODY = YES;
				CLANG_WARN_ENUM_CONVERSION = YES;
				CLANG_WARN_INFINITE_RECURSION = YES;
				CLANG_WARN_INT_CONVERSION = YES;
				CLANG_WARN_NON_LITERAL_NULL_CONVERSION = YES;
				CLANG_WARN_OBJC_IMPLICIT_RETAIN_SELF = YES;
				CLANG_WARN_OBJC_LITERAL_CONVERSION = YES;
				CLANG_WARN_OBJC_ROOT_CLASS = YES_ERROR;
				CLANG_WARN_QUOTED_INCLUDE_IN_FRAMEWORK_HEADER = YES;
				CLANG_WARN_RANGE_LOOP_ANALYSIS = YES;
				CLANG_WARN_STRICT_PROTOTYPES = YES;
				CLANG_WARN_SUSPICIOUS_MOVE = YES;
				CLANG_WARN_UNGUARDED_AVAILABILITY = YES_AGGRESSIVE;
				CLANG_WARN_UNREACHABLE_CODE = YES;
				CLANG_WARN__DUPLICATE_METHOD_MATCH = YES;
				COPY_PHASE_STRIP = NO;
				DEBUG_INFORMATION_FORMAT = "dwarf-with-dsym";
				ENABLE_NS_ASSERTIONS = NO;
				ENABLE_STRICT_OBJC_MSGSEND = YES;
				GCC_C_LANGUAGE_STANDARD = gnu11;
				GCC_NO_COMMON_BLOCKS = YES;
				GCC_WARN_64_TO_32_BIT_CONVERSION = YES;
				GCC_WARN_ABOUT_RETURN_TYPE = YES_ERROR;
				GCC_WARN_UNDECLARED_SELECTOR = YES;
				GCC_WARN_UNINITIALIZED_AUTOS = YES_AGGRESSIVE;
				GCC_WARN_UNUSED_FUNCTION = YES;
				GCC_WARN_UNUSED_VARIABLE = YES;
				IPHONEOS_DEPLOYMENT_TARGET = 16.0;
				MTL_ENABLE_DEBUG_INFO = NO;
				MTL_FAST_MATH = YES;
				SDKROOT = iphoneos;
				SWIFT_COMPILATION_MODE = wholemodule;
				SWIFT_OPTIMIZATION_LEVEL = "-O";
				VALIDATE_PRODUCT = YES;
			};
			name = Release;
		};
		C1825B0E29114B7B00F9244D /* Debug */ = {
			isa = XCBuildConfiguration;
			buildSettings = {
				ASSETCATALOG_COMPILER_APPICON_NAME = AppIcon;
				ASSETCATALOG_COMPILER_GLOBAL_ACCENT_COLOR_NAME = AccentColor;
				CODE_SIGN_STYLE = Automatic;
				CURRENT_PROJECT_VERSION = 1;
				GENERATE_INFOPLIST_FILE = YES;
				INFOPLIST_FILE = OrderApp/Info.plist;
				INFOPLIST_KEY_UIApplicationSupportsIndirectInputEvents = YES;
				INFOPLIST_KEY_UILaunchStoryboardName = LaunchScreen;
				INFOPLIST_KEY_UIMainStoryboardFile = Main;
				INFOPLIST_KEY_UISupportedInterfaceOrientations_iPad = "UIInterfaceOrientationPortrait UIInterfaceOrientationPortraitUpsideDown UIInterfaceOrientationLandscapeLeft UIInterfaceOrientationLandscapeRight";
				INFOPLIST_KEY_UISupportedInterfaceOrientations_iPhone = "UIInterfaceOrientationPortrait UIInterfaceOrientationLandscapeLeft UIInterfaceOrientationLandscapeRight";
				LD_RUNPATH_SEARCH_PATHS = (
					"$(inherited)",
					"@executable_path/Frameworks",
				);
				MARKETING_VERSION = 1.0;
				PRODUCT_BUNDLE_IDENTIFIER = Shota.OrderApp;
				PRODUCT_NAME = "$(TARGET_NAME)";
				SWIFT_EMIT_LOC_STRINGS = YES;
				SWIFT_VERSION = 5.0;
				TARGETED_DEVICE_FAMILY = "1,2";
			};
			name = Debug;
		};
		C1825B0F29114B7B00F9244D /* Release */ = {
			isa = XCBuildConfiguration;
			buildSettings = {
				ASSETCATALOG_COMPILER_APPICON_NAME = AppIcon;
				ASSETCATALOG_COMPILER_GLOBAL_ACCENT_COLOR_NAME = AccentColor;
				CODE_SIGN_STYLE = Automatic;
				CURRENT_PROJECT_VERSION = 1;
				GENERATE_INFOPLIST_FILE = YES;
				INFOPLIST_FILE = OrderApp/Info.plist;
				INFOPLIST_KEY_UIApplicationSupportsIndirectInputEvents = YES;
				INFOPLIST_KEY_UILaunchStoryboardName = LaunchScreen;
				INFOPLIST_KEY_UIMainStoryboardFile = Main;
				INFOPLIST_KEY_UISupportedInterfaceOrientations_iPad = "UIInterfaceOrientationPortrait UIInterfaceOrientationPortraitUpsideDown UIInterfaceOrientationLandscapeLeft UIInterfaceOrientationLandscapeRight";
				INFOPLIST_KEY_UISupportedInterfaceOrientations_iPhone = "UIInterfaceOrientationPortrait UIInterfaceOrientationLandscapeLeft UIInterfaceOrientationLandscapeRight";
				LD_RUNPATH_SEARCH_PATHS = (
					"$(inherited)",
					"@executable_path/Frameworks",
				);
				MARKETING_VERSION = 1.0;
				PRODUCT_BUNDLE_IDENTIFIER = Shota.OrderApp;
				PRODUCT_NAME = "$(TARGET_NAME)";
				SWIFT_EMIT_LOC_STRINGS = YES;
				SWIFT_VERSION = 5.0;
				TARGETED_DEVICE_FAMILY = "1,2";
			};
			name = Release;
		};
/* End XCBuildConfiguration section */

/* Begin XCConfigurationList section */
		C1825AF429114B7300F9244D /* Build configuration list for PBXProject "OrderApp" */ = {
			isa = XCConfigurationList;
			buildConfigurations = (
				C1825B0B29114B7B00F9244D /* Debug */,
				C1825B0C29114B7B00F9244D /* Release */,
			);
			defaultConfigurationIsVisible = 0;
			defaultConfigurationName = Release;
		};
		C1825B0D29114B7B00F9244D /* Build configuration list for PBXNativeTarget "OrderApp" */ = {
			isa = XCConfigurationList;
			buildConfigurations = (
				C1825B0E29114B7B00F9244D /* Debug */,
				C1825B0F29114B7B00F9244D /* Release */,
			);
			defaultConfigurationIsVisible = 0;
			defaultConfigurationName = Release;
		};
/* End XCConfigurationList section */
	};
	rootObject = C1825AF129114B7300F9244D /* Project object */;
}
